<?xml version="1.0" encoding="UTF-8" standalone="yes" ?>
<CodeBlocks_project_file>
	<FileVersion major="1" minor="6" />
	<Project>
		<Option title="GraphicsProject" />
		<Option pch_mode="2" />
		<Option compiler="gcc" />
		<Build>
			<Target title="Debug">
				<Option output="bin/Debug/GraphicsProject" prefix_auto="1" extension_auto="1" />
				<Option object_output="obj/Debug/" />
				<Option type="1" />
				<Option compiler="gcc" />
				<Option projectLinkerOptionsRelation="2" />
				<Compiler>
					<Add option="-g" />
				</Compiler>
			</Target>
			<Target title="Release">
				<Option output="GraphicsProject" prefix_auto="1" extension_auto="1" />
				<Option object_output="obj/Release/" />
				<Option type="0" />
				<Option compiler="gcc" />
				<Option projectLinkerOptionsRelation="2" />
				<Compiler>
					<Add option="-fexpensive-optimizations" />
					<Add option="-O2" />
					<Add option="-g" />
				</Compiler>
			</Target>
			<Target title="lib_test">
				<Option output="lib_test" prefix_auto="1" extension_auto="1" />
				<Option type="1" />
				<Option compiler="gcc" />
				<Option use_console_runner="0" />
			</Target>
		</Build>
		<Compiler>
			<Add option="-Wall" />
			<Add option="-fexceptions" />
			<Add directory="include" />
		</Compiler>
		<Linker>
			<Add library="mingw32" />
			<Add library="libSDL2_ttf.a" />
			<Add library="SDL2main" />
			<Add library="SDL2.dll" />
			<Add library="user32" />
			<Add library="gdi32" />
			<Add library="winmm" />
			<Add library="dxguid" />
			<Add directory="lib" />
		</Linker>
		<Unit filename="StaticText.cpp" />
		<Unit filename="StaticText.hpp" />
		<Unit filename="TextEdit.cpp" />
		<Unit filename="TextEdit.hpp" />
		<Unit filename="examplecheckbox.cpp" />
		<Unit filename="examplecheckbox.hpp" />
		<Unit filename="graphicslib/graphics.cpp" />
		<Unit filename="graphicslib/lib_test.cpp">
			<Option target="lib_test" />
		</Unit>
		<Unit filename="include/Application.hpp" />
		<Unit filename="include/Gomb.hpp" />
		<Unit filename="kivalaszto.cpp" />
		<Unit filename="kivalaszto.hpp" />
		<Unit filename="main.cpp">
			<Option target="Debug" />
			<Option target="Release" />
		</Unit>
		<Unit filename="src/Application.cpp" />
		<Unit filename="src/Gomb.cpp" />
		<Unit filename="widgets.cpp" />
		<Unit filename="widgets.hpp" />
		<Extensions />
	</Project>
</CodeBlocks_project_file>
